
Microsoft Visual Studio Solution File, Format Version 12.00
# Visual Studio Version 17
VisualStudioVersion = 17.6.33829.357
MinimumVisualStudioVersion = 10.0.40219.1
Project("{FAE04EC0-301F-11D3-BF4B-00C04F79EFBC}") = "TodoList2", "TodoList2\TodoList2.csproj", "{9A3CD6F2-6B28-4E1E-9F6E-5C3181E05C63}"
EndProject
Global
	GlobalSection(SolutionConfigurationPlatforms) = preSolution
		Debug|Any CPU = Debug|Any CPU
		Release|Any CPU = Release|Any CPU
	EndGlobalSection
	GlobalSection(ProjectConfigurationPlatforms) = postSolution
		{9A3CD6F2-6B28-4E1E-9F6E-5C3181E05C63}.Debug|Any CPU.ActiveCfg = Debug|Any CPU
		{9A3CD6F2-6B28-4E1E-9F6E-5C3181E05C63}.Debug|Any CPU.Build.0 = Debug|Any CPU
		{9A3CD6F2-6B28-4E1E-9F6E-5C3181E05C63}.Release|Any CPU.ActiveCfg = Release|Any CPU
		{9A3CD6F2-6B28-4E1E-9F6E-5C3181E05C63}.Release|Any CPU.Build.0 = Release|Any CPU
	EndGlobalSection
	GlobalSection(SolutionProperties) = preSolution
		HideSolutionNode = FALSE
	EndGlobalSection
	GlobalSection(ExtensibilityGlobals) = postSolution
		SolutionGuid = {D3E965C4-24D1-459E-96FD-A13A1B9D890F}
	EndGlobalSection
EndGlobal
